
Microsoft Visual Studio Solution File, Format Version 12.00
# Visual Studio Version 17
VisualStudioVersion = 17.7.34024.191
MinimumVisualStudioVersion = 10.0.40219.1
Project("{FAE04EC0-301F-11D3-BF4B-00C04F79EFBC}") = "Tercera parte tp individual", "Tercera parte tp individual.csproj", "{5FA09541-61AB-48E5-9FCB-83C443E35B18}"
EndProject
Global
	GlobalSection(SolutionConfigurationPlatforms) = preSolution
		Debug|Any CPU = Debug|Any CPU
		Release|Any CPU = Release|Any CPU
	EndGlobalSection
	GlobalSection(ProjectConfigurationPlatforms) = postSolution
		{5FA09541-61AB-48E5-9FCB-83C443E35B18}.Debug|Any CPU.ActiveCfg = Debug|Any CPU
		{5FA09541-61AB-48E5-9FCB-83C443E35B18}.Debug|Any CPU.Build.0 = Debug|Any CPU
		{5FA09541-61AB-48E5-9FCB-83C443E35B18}.Release|Any CPU.ActiveCfg = Release|Any CPU
		{5FA09541-61AB-48E5-9FCB-83C443E35B18}.Release|Any CPU.Build.0 = Release|Any CPU
	EndGlobalSection
	GlobalSection(SolutionProperties) = preSolution
		HideSolutionNode = FALSE
	EndGlobalSection
	GlobalSection(ExtensibilityGlobals) = postSolution
		SolutionGuid = {3FA9A90D-89FF-4B40-B3D5-803E45938847}
	EndGlobalSection
EndGlobal
